
Microsoft Visual Studio Solution File, Format Version 12.00
# Visual Studio Version 16
VisualStudioVersion = 16.0.31129.286
MinimumVisualStudioVersion = 10.0.40219.1
Project("{9A19103F-16F7-4668-BE54-9A1E7A4F7556}") = "HelloName", "HelloName\HelloName.csproj", "{DDF77799-A130-4650-92F1-44008866AC5E}"
EndProject
Project("{9A19103F-16F7-4668-BE54-9A1E7A4F7556}") = "SumTwoNumbers", "SumTwoNumbers\SumTwoNumbers.csproj", "{642B26B4-2875-4DD8-8E82-523C925C2180}"
EndProject
Project("{9A19103F-16F7-4668-BE54-9A1E7A4F7556}") = "DividingTwoNumbers", "DividingTwoNumbers\DividingTwoNumbers.csproj", "{9024DE66-3D39-4598-9FC8-0AB9951A7A5C}"
EndProject
Project("{9A19103F-16F7-4668-BE54-9A1E7A4F7556}") = "MathematicOperations", "MathematicOperations\MathematicOperations.csproj", "{DB55B53A-AA1C-4CF4-A9A4-1A582AF9B7E5}"
EndProject
Project("{9A19103F-16F7-4668-BE54-9A1E7A4F7556}") = "SwapTwoNumbers.", "SwapTwoNumbers\SwapTwoNumbers..csproj", "{AAC4FA2C-DF6B-48A2-8642-573E25597522}"
EndProject
Project("{9A19103F-16F7-4668-BE54-9A1E7A4F7556}") = "MultiplicationThreeNumbers", "MultiplicationThreeNumbers\MultiplicationThreeNumbers.csproj", "{1CCD2F4A-B17B-4965-8DD6-92281251B8C1}"
EndProject
Project("{9A19103F-16F7-4668-BE54-9A1E7A4F7556}") = "MathOperUserImput", "MathOperUserImput\MathOperUserImput.csproj", "{1B4FFC55-239D-4125-BC0B-193580DCADF5}"
EndProject
Project("{9A19103F-16F7-4668-BE54-9A1E7A4F7556}") = "MultiplicationTable", "MultiplicationTable\MultiplicationTable.csproj", "{8D57E054-4FAF-419C-985E-68629561F02C}"
EndProject
Project("{9A19103F-16F7-4668-BE54-9A1E7A4F7556}") = "FourNumbersAverage", "FourNumbersAverage\FourNumbersAverage.csproj", "{FACC2579-E2D3-4CC0-91DA-E77DDAA252A9}"
EndProject
Project("{9A19103F-16F7-4668-BE54-9A1E7A4F7556}") = "ThreeNumbersFormula", "ThreeNumbersFormula\ThreeNumbersFormula.csproj", "{52B1C436-69F1-4652-B509-F80AFCE9C966}"
EndProject
Project("{9A19103F-16F7-4668-BE54-9A1E7A4F7556}") = "AgePrint", "AgePrint\AgePrint.csproj", "{0D1AC1EE-586C-4C53-8E90-EAD88DAFF2A6}"
EndProject
Project("{9A19103F-16F7-4668-BE54-9A1E7A4F7556}") = "NumberRepetition", "NumberRepetition\NumberRepetition.csproj", "{ADBBE7F8-7E32-4DF2-B3BA-191DF19CEE20}"
EndProject
Project("{9A19103F-16F7-4668-BE54-9A1E7A4F7556}") = "NumberColumn", "NumberColumn\NumberColumn.csproj", "{1E4393BE-03DA-47D8-ABC7-11F19A970A69}"
EndProject
Project("{9A19103F-16F7-4668-BE54-9A1E7A4F7556}") = "ConvertCeltoKeltoFahr", "ConvertCeltoKeltoFahr\ConvertCeltoKeltoFahr.csproj", "{1ACE5553-2ADA-4F9F-91AC-32309517C8AE}"
EndProject
Project("{FAE04EC0-301F-11D3-BF4B-00C04F79EFBC}") = "RemoveCharacter", "RemoveCharacter\RemoveCharacter.csproj", "{56FC45CB-DA09-4549-A2BD-350A8140997C}"
EndProject
Project("{FAE04EC0-301F-11D3-BF4B-00C04F79EFBC}") = "FirstLastChange", "FirstLastChange\FirstLastChange.csproj", "{591D99BC-DA1A-4644-99F2-65915E3BA23F}"
EndProject
Global
	GlobalSection(SolutionConfigurationPlatforms) = preSolution
		Debug|Any CPU = Debug|Any CPU
		Release|Any CPU = Release|Any CPU
	EndGlobalSection
	GlobalSection(ProjectConfigurationPlatforms) = postSolution
		{DDF77799-A130-4650-92F1-44008866AC5E}.Debug|Any CPU.ActiveCfg = Debug|Any CPU
		{DDF77799-A130-4650-92F1-44008866AC5E}.Debug|Any CPU.Build.0 = Debug|Any CPU
		{DDF77799-A130-4650-92F1-44008866AC5E}.Release|Any CPU.ActiveCfg = Release|Any CPU
		{DDF77799-A130-4650-92F1-44008866AC5E}.Release|Any CPU.Build.0 = Release|Any CPU
		{642B26B4-2875-4DD8-8E82-523C925C2180}.Debug|Any CPU.ActiveCfg = Debug|Any CPU
		{642B26B4-2875-4DD8-8E82-523C925C2180}.Debug|Any CPU.Build.0 = Debug|Any CPU
		{642B26B4-2875-4DD8-8E82-523C925C2180}.Release|Any CPU.ActiveCfg = Release|Any CPU
		{642B26B4-2875-4DD8-8E82-523C925C2180}.Release|Any CPU.Build.0 = Release|Any CPU
		{9024DE66-3D39-4598-9FC8-0AB9951A7A5C}.Debug|Any CPU.ActiveCfg = Debug|Any CPU
		{9024DE66-3D39-4598-9FC8-0AB9951A7A5C}.Debug|Any CPU.Build.0 = Debug|Any CPU
		{9024DE66-3D39-4598-9FC8-0AB9951A7A5C}.Release|Any CPU.ActiveCfg = Release|Any CPU
		{9024DE66-3D39-4598-9FC8-0AB9951A7A5C}.Release|Any CPU.Build.0 = Release|Any CPU
		{DB55B53A-AA1C-4CF4-A9A4-1A582AF9B7E5}.Debug|Any CPU.ActiveCfg = Debug|Any CPU
		{DB55B53A-AA1C-4CF4-A9A4-1A582AF9B7E5}.Debug|Any CPU.Build.0 = Debug|Any CPU
		{DB55B53A-AA1C-4CF4-A9A4-1A582AF9B7E5}.Release|Any CPU.ActiveCfg = Release|Any CPU
		{DB55B53A-AA1C-4CF4-A9A4-1A582AF9B7E5}.Release|Any CPU.Build.0 = Release|Any CPU
		{AAC4FA2C-DF6B-48A2-8642-573E25597522}.Debug|Any CPU.ActiveCfg = Debug|Any CPU
		{AAC4FA2C-DF6B-48A2-8642-573E25597522}.Debug|Any CPU.Build.0 = Debug|Any CPU
		{AAC4FA2C-DF6B-48A2-8642-573E25597522}.Release|Any CPU.ActiveCfg = Release|Any CPU
		{AAC4FA2C-DF6B-48A2-8642-573E25597522}.Release|Any CPU.Build.0 = Release|Any CPU
		{1CCD2F4A-B17B-4965-8DD6-92281251B8C1}.Debug|Any CPU.ActiveCfg = Debug|Any CPU
		{1CCD2F4A-B17B-4965-8DD6-92281251B8C1}.Debug|Any CPU.Build.0 = Debug|Any CPU
		{1CCD2F4A-B17B-4965-8DD6-92281251B8C1}.Release|Any CPU.ActiveCfg = Release|Any CPU
		{1CCD2F4A-B17B-4965-8DD6-92281251B8C1}.Release|Any CPU.Build.0 = Release|Any CPU
		{1B4FFC55-239D-4125-BC0B-193580DCADF5}.Debug|Any CPU.ActiveCfg = Debug|Any CPU
		{1B4FFC55-239D-4125-BC0B-193580DCADF5}.Debug|Any CPU.Build.0 = Debug|Any CPU
		{1B4FFC55-239D-4125-BC0B-193580DCADF5}.Release|Any CPU.ActiveCfg = Release|Any CPU
		{1B4FFC55-239D-4125-BC0B-193580DCADF5}.Release|Any CPU.Build.0 = Release|Any CPU
		{8D57E054-4FAF-419C-985E-68629561F02C}.Debug|Any CPU.ActiveCfg = Debug|Any CPU
		{8D57E054-4FAF-419C-985E-68629561F02C}.Debug|Any CPU.Build.0 = Debug|Any CPU
		{8D57E054-4FAF-419C-985E-68629561F02C}.Release|Any CPU.ActiveCfg = Release|Any CPU
		{8D57E054-4FAF-419C-985E-68629561F02C}.Release|Any CPU.Build.0 = Release|Any CPU
		{FACC2579-E2D3-4CC0-91DA-E77DDAA252A9}.Debug|Any CPU.ActiveCfg = Debug|Any CPU
		{FACC2579-E2D3-4CC0-91DA-E77DDAA252A9}.Debug|Any CPU.Build.0 = Debug|Any CPU
		{FACC2579-E2D3-4CC0-91DA-E77DDAA252A9}.Release|Any CPU.ActiveCfg = Release|Any CPU
		{FACC2579-E2D3-4CC0-91DA-E77DDAA252A9}.Release|Any CPU.Build.0 = Release|Any CPU
		{52B1C436-69F1-4652-B509-F80AFCE9C966}.Debug|Any CPU.ActiveCfg = Debug|Any CPU
		{52B1C436-69F1-4652-B509-F80AFCE9C966}.Debug|Any CPU.Build.0 = Debug|Any CPU
		{52B1C436-69F1-4652-B509-F80AFCE9C966}.Release|Any CPU.ActiveCfg = Release|Any CPU
		{52B1C436-69F1-4652-B509-F80AFCE9C966}.Release|Any CPU.Build.0 = Release|Any CPU
		{0D1AC1EE-586C-4C53-8E90-EAD88DAFF2A6}.Debug|Any CPU.ActiveCfg = Debug|Any CPU
		{0D1AC1EE-586C-4C53-8E90-EAD88DAFF2A6}.Debug|Any CPU.Build.0 = Debug|Any CPU
		{0D1AC1EE-586C-4C53-8E90-EAD88DAFF2A6}.Release|Any CPU.ActiveCfg = Release|Any CPU
		{0D1AC1EE-586C-4C53-8E90-EAD88DAFF2A6}.Release|Any CPU.Build.0 = Release|Any CPU
		{ADBBE7F8-7E32-4DF2-B3BA-191DF19CEE20}.Debug|Any CPU.ActiveCfg = Debug|Any CPU
		{ADBBE7F8-7E32-4DF2-B3BA-191DF19CEE20}.Debug|Any CPU.Build.0 = Debug|Any CPU
		{ADBBE7F8-7E32-4DF2-B3BA-191DF19CEE20}.Release|Any CPU.ActiveCfg = Release|Any CPU
		{ADBBE7F8-7E32-4DF2-B3BA-191DF19CEE20}.Release|Any CPU.Build.0 = Release|Any CPU
		{1E4393BE-03DA-47D8-ABC7-11F19A970A69}.Debug|Any CPU.ActiveCfg = Debug|Any CPU
		{1E4393BE-03DA-47D8-ABC7-11F19A970A69}.Debug|Any CPU.Build.0 = Debug|Any CPU
		{1E4393BE-03DA-47D8-ABC7-11F19A970A69}.Release|Any CPU.ActiveCfg = Release|Any CPU
		{1E4393BE-03DA-47D8-ABC7-11F19A970A69}.Release|Any CPU.Build.0 = Release|Any CPU
		{1ACE5553-2ADA-4F9F-91AC-32309517C8AE}.Debug|Any CPU.ActiveCfg = Debug|Any CPU
		{1ACE5553-2ADA-4F9F-91AC-32309517C8AE}.Debug|Any CPU.Build.0 = Debug|Any CPU
		{1ACE5553-2ADA-4F9F-91AC-32309517C8AE}.Release|Any CPU.ActiveCfg = Release|Any CPU
		{1ACE5553-2ADA-4F9F-91AC-32309517C8AE}.Release|Any CPU.Build.0 = Release|Any CPU
		{56FC45CB-DA09-4549-A2BD-350A8140997C}.Debug|Any CPU.ActiveCfg = Debug|Any CPU
		{56FC45CB-DA09-4549-A2BD-350A8140997C}.Debug|Any CPU.Build.0 = Debug|Any CPU
		{56FC45CB-DA09-4549-A2BD-350A8140997C}.Release|Any CPU.ActiveCfg = Release|Any CPU
		{56FC45CB-DA09-4549-A2BD-350A8140997C}.Release|Any CPU.Build.0 = Release|Any CPU
		{591D99BC-DA1A-4644-99F2-65915E3BA23F}.Debug|Any CPU.ActiveCfg = Debug|Any CPU
		{591D99BC-DA1A-4644-99F2-65915E3BA23F}.Debug|Any CPU.Build.0 = Debug|Any CPU
		{591D99BC-DA1A-4644-99F2-65915E3BA23F}.Release|Any CPU.ActiveCfg = Release|Any CPU
		{591D99BC-DA1A-4644-99F2-65915E3BA23F}.Release|Any CPU.Build.0 = Release|Any CPU
	EndGlobalSection
	GlobalSection(SolutionProperties) = preSolution
		HideSolutionNode = FALSE
	EndGlobalSection
	GlobalSection(ExtensibilityGlobals) = postSolution
		SolutionGuid = {A800730E-2D85-4125-9BF0-35273B93E691}
	EndGlobalSection
EndGlobal
